
Microsoft Visual Studio Solution File, Format Version 12.00
# Visual Studio Version 17
VisualStudioVersion = 17.7.34031.279
MinimumVisualStudioVersion = 10.0.40219.1
Project("{FAE04EC0-301F-11D3-BF4B-00C04F79EFBC}") = "VyshkaBot", "VyshkaBot\VyshkaBot.csproj", "{FCE714F5-2839-4780-8087-4D4356DABF23}"
EndProject
Global
	GlobalSection(SolutionConfigurationPlatforms) = preSolution
		Debug|Any CPU = Debug|Any CPU
		Release|Any CPU = Release|Any CPU
	EndGlobalSection
	GlobalSection(ProjectConfigurationPlatforms) = postSolution
		{FCE714F5-2839-4780-8087-4D4356DABF23}.Debug|Any CPU.ActiveCfg = Debug|Any CPU
		{FCE714F5-2839-4780-8087-4D4356DABF23}.Debug|Any CPU.Build.0 = Debug|Any CPU
		{FCE714F5-2839-4780-8087-4D4356DABF23}.Release|Any CPU.ActiveCfg = Release|Any CPU
		{FCE714F5-2839-4780-8087-4D4356DABF23}.Release|Any CPU.Build.0 = Release|Any CPU
	EndGlobalSection
	GlobalSection(SolutionProperties) = preSolution
		HideSolutionNode = FALSE
	EndGlobalSection
	GlobalSection(ExtensibilityGlobals) = postSolution
		SolutionGuid = {BB862124-BD6B-4384-9204-A3B0644FB8D9}
	EndGlobalSection
EndGlobal
